
Microsoft Visual Studio Solution File, Format Version 12.00
# Visual Studio Version 16
VisualStudioVersion = 16.0.33027.164
MinimumVisualStudioVersion = 10.0.40219.1
Project("{FAE04EC0-301F-11D3-BF4B-00C04F79EFBC}") = "TelegramBotTest", "TelegramBotTest\TelegramBotTest.csproj", "{DB06F79C-1381-4C9A-8A39-5F90834563E8}"
EndProject
Global
	GlobalSection(SolutionConfigurationPlatforms) = preSolution
		Debug|Any CPU = Debug|Any CPU
		Release|Any CPU = Release|Any CPU
	EndGlobalSection
	GlobalSection(ProjectConfigurationPlatforms) = postSolution
		{DB06F79C-1381-4C9A-8A39-5F90834563E8}.Debug|Any CPU.ActiveCfg = Debug|Any CPU
		{DB06F79C-1381-4C9A-8A39-5F90834563E8}.Debug|Any CPU.Build.0 = Debug|Any CPU
		{DB06F79C-1381-4C9A-8A39-5F90834563E8}.Release|Any CPU.ActiveCfg = Release|Any CPU
		{DB06F79C-1381-4C9A-8A39-5F90834563E8}.Release|Any CPU.Build.0 = Release|Any CPU
	EndGlobalSection
	GlobalSection(SolutionProperties) = preSolution
		HideSolutionNode = FALSE
	EndGlobalSection
	GlobalSection(ExtensibilityGlobals) = postSolution
		SolutionGuid = {8D9F852F-93B8-4989-BF24-431FF99DFD11}
	EndGlobalSection
EndGlobal
